// !$*UTF8*$!
{
	archiveVersion = 1;
	classes = {
	};
	objectVersion = 56;
	objects = {

/* Begin PBXBuildFile section */
		DAFE5F972A39D1CA0055AF97 /* FindNumberApp.swift in Sources */ = {isa = PBXBuildFile; fileRef = DAFE5F962A39D1CA0055AF97 /* FindNumberApp.swift */; };
		DAFE5F992A39D1CA0055AF97 /* ContentView.swift in Sources */ = {isa = PBXBuildFile; fileRef = DAFE5F982A39D1CA0055AF97 /* ContentView.swift */; };
		DAFE5F9B2A39D1CB0055AF97 /* Assets.xcassets in Resources */ = {isa = PBXBuildFile; fileRef = DAFE5F9A2A39D1CB0055AF97 /* Assets.xcassets */; };
		DAFE5F9F2A39D1CB0055AF97 /* Preview Assets.xcassets in Resources */ = {isa = PBXBuildFile; fileRef = DAFE5F9E2A39D1CB0055AF97 /* Preview Assets.xcassets */; };
		DAFE5FA92A39D1CB0055AF97 /* FindNumberTests.swift in Sources */ = {isa = PBXBuildFile; fileRef = DAFE5FA82A39D1CB0055AF97 /* FindNumberTests.swift */; };
		DAFE5FB32A39D1CB0055AF97 /* FindNumberUITests.swift in Sources */ = {isa = PBXBuildFile; fileRef = DAFE5FB22A39D1CB0055AF97 /* FindNumberUITests.swift */; };
		DAFE5FB52A39D1CB0055AF97 /* FindNumberUITestsLaunchTests.swift in Sources */ = {isa = PBXBuildFile; fileRef = DAFE5FB42A39D1CB0055AF97 /* FindNumberUITestsLaunchTests.swift */; };
/* End PBXBuildFile section */

/* Begin PBXContainerItemProxy section */
		DAFE5FA52A39D1CB0055AF97 /* PBXContainerItemProxy */ = {
			isa = PBXContainerItemProxy;
			containerPortal = DAFE5F8B2A39D1CA0055AF97 /* Project object */;
			proxyType = 1;
			remoteGlobalIDString = DAFE5F922A39D1CA0055AF97;
			remoteInfo = FindNumber;
		};
		DAFE5FAF2A39D1CB0055AF97 /* PBXContainerItemProxy */ = {
			isa = PBXContainerItemProxy;
			containerPortal = DAFE5F8B2A39D1CA0055AF97 /* Project object */;
			proxyType = 1;
			remoteGlobalIDString = DAFE5F922A39D1CA0055AF97;
			remoteInfo = FindNumber;
		};
/* End PBXContainerItemProxy section */

/* Begin PBXFileReference section */
		DAFE5F932A39D1CA0055AF97 /* FindNumber.app */ = {isa = PBXFileReference; explicitFileType = wrapper.application; includeInIndex = 0; path = FindNumber.app; sourceTree = BUILT_PRODUCTS_DIR; };
		DAFE5F962A39D1CA0055AF97 /* FindNumberApp.swift */ = {isa = PBXFileReference; lastKnownFileType = sourcecode.swift; path = FindNumberApp.swift; sourceTree = "<group>"; };
		DAFE5F982A39D1CA0055AF97 /* ContentView.swift */ = {isa = PBXFileReference; lastKnownFileType = sourcecode.swift; path = ContentView.swift; sourceTree = "<group>"; };
		DAFE5F9A2A39D1CB0055AF97 /* Assets.xcassets */ = {isa = PBXFileReference; lastKnownFileType = folder.assetcatalog; path = Assets.xcassets; sourceTree = "<group>"; };
		DAFE5F9C2A39D1CB0055AF97 /* FindNumber.entitlements */ = {isa = PBXFileReference; lastKnownFileType = text.plist.entitlements; path = FindNumber.entitlements; sourceTree = "<group>"; };
		DAFE5F9E2A39D1CB0055AF97 /* Preview Assets.xcassets */ = {isa = PBXFileReference; lastKnownFileType = folder.assetcatalog; path = "Preview Assets.xcassets"; sourceTree = "<group>"; };
		DAFE5FA42A39D1CB0055AF97 /* FindNumberTests.xctest */ = {isa = PBXFileReference; explicitFileType = wrapper.cfbundle; includeInIndex = 0; path = FindNumberTests.xctest; sourceTree = BUILT_PRODUCTS_DIR; };
		DAFE5FA82A39D1CB0055AF97 /* FindNumberTests.swift */ = {isa = PBXFileReference; lastKnownFileType = sourcecode.swift; path = FindNumberTests.swift; sourceTree = "<group>"; };
		DAFE5FAE2A39D1CB0055AF97 /* FindNumberUITests.xctest */ = {isa = PBXFileReference; explicitFileType = wrapper.cfbundle; includeInIndex = 0; path = FindNumberUITests.xctest; sourceTree = BUILT_PRODUCTS_DIR; };
		DAFE5FB22A39D1CB0055AF97 /* FindNumberUITests.swift */ = {isa = PBXFileReference; lastKnownFileType = sourcecode.swift; path = FindNumberUITests.swift; sourceTree = "<group>"; };
		DAFE5FB42A39D1CB0055AF97 /* FindNumberUITestsLaunchTests.swift */ = {isa = PBXFileReference; lastKnownFileType = sourcecode.swift; path = FindNumberUITestsLaunchTests.swift; sourceTree = "<group>"; };
/* End PBXFileReference section */

/* Begin PBXFrameworksBuildPhase section */
		DAFE5F902A39D1CA0055AF97 /* Frameworks */ = {
			isa = PBXFrameworksBuildPhase;
			buildActionMask = 2147483647;
			files = (
			);
			runOnlyForDeploymentPostprocessing = 0;
		};
		DAFE5FA12A39D1CB0055AF97 /* Frameworks */ = {
			isa = PBXFrameworksBuildPhase;
			buildActionMask = 2147483647;
			files = (
			);
			runOnlyForDeploymentPostprocessing = 0;
		};
		DAFE5FAB2A39D1CB0055AF97 /* Frameworks */ = {
			isa = PBXFrameworksBuildPhase;
			buildActionMask = 2147483647;
			files = (
			);
			runOnlyForDeploymentPostprocessing = 0;
		};
/* End PBXFrameworksBuildPhase section */

/* Begin PBXGroup section */
		DAFE5F8A2A39D1CA0055AF97 = {
			isa = PBXGroup;
			children = (
				DAFE5F952A39D1CA0055AF97 /* FindNumber */,
				DAFE5FA72A39D1CB0055AF97 /* FindNumberTests */,
				DAFE5FB12A39D1CB0055AF97 /* FindNumberUITests */,
				DAFE5F942A39D1CA0055AF97 /* Products */,
			);
			sourceTree = "<group>";
		};
		DAFE5F942A39D1CA0055AF97 /* Products */ = {
			isa = PBXGroup;
			children = (
				DAFE5F932A39D1CA0055AF97 /* FindNumber.app */,
				DAFE5FA42A39D1CB0055AF97 /* FindNumberTests.xctest */,
				DAFE5FAE2A39D1CB0055AF97 /* FindNumberUITests.xctest */,
			);
			name = Products;
			sourceTree = "<group>";
		};
		DAFE5F952A39D1CA0055AF97 /* FindNumber */ = {
			isa = PBXGroup;
			children = (
				DAFE5F962A39D1CA0055AF97 /* FindNumberApp.swift */,
				DAFE5F982A39D1CA0055AF97 /* ContentView.swift */,
				DAFE5F9A2A39D1CB0055AF97 /* Assets.xcassets */,
				DAFE5F9C2A39D1CB0055AF97 /* FindNumber.entitlements */,
				DAFE5F9D2A39D1CB0055AF97 /* Preview Content */,
			);
			path = FindNumber;
			sourceTree = "<group>";
		};
		DAFE5F9D2A39D1CB0055AF97 /* Preview Content */ = {
			isa = PBXGroup;
			children = (
				DAFE5F9E2A39D1CB0055AF97 /* Preview Assets.xcassets */,
			);
			path = "Preview Content";
			sourceTree = "<group>";
		};
		DAFE5FA72A39D1CB0055AF97 /* FindNumberTests */ = {
			isa = PBXGroup;
			children = (
				DAFE5FA82A39D1CB0055AF97 /* FindNumberTests.swift */,
			);
			path = FindNumberTests;
			sourceTree = "<group>";
		};
		DAFE5FB12A39D1CB0055AF97 /* FindNumberUITests */ = {
			isa = PBXGroup;
			children = (
				DAFE5FB22A39D1CB0055AF97 /* FindNumberUITests.swift */,
				DAFE5FB42A39D1CB0055AF97 /* FindNumberUITestsLaunchTests.swift */,
			);
			path = FindNumberUITests;
			sourceTree = "<group>";
		};
/* End PBXGroup section */

/* Begin PBXNativeTarget section */
		DAFE5F922A39D1CA0055AF97 /* FindNumber */ = {
			isa = PBXNativeTarget;
			buildConfigurationList = DAFE5FB82A39D1CB0055AF97 /* Build configuration list for PBXNativeTarget "FindNumber" */;
			buildPhases = (
				DAFE5F8F2A39D1CA0055AF97 /* Sources */,
				DAFE5F902A39D1CA0055AF97 /* Frameworks */,
				DAFE5F912A39D1CA0055AF97 /* Resources */,
			);
			buildRules = (
			);
			dependencies = (
			);
			name = FindNumber;
			productName = FindNumber;
			productReference = DAFE5F932A39D1CA0055AF97 /* FindNumber.app */;
			productType = "com.apple.product-type.application";
		};
		DAFE5FA32A39D1CB0055AF97 /* FindNumberTests */ = {
			isa = PBXNativeTarget;
			buildConfigurationList = DAFE5FBB2A39D1CB0055AF97 /* Build configuration list for PBXNativeTarget "FindNumberTests" */;
			buildPhases = (
				DAFE5FA02A39D1CB0055AF97 /* Sources */,
				DAFE5FA12A39D1CB0055AF97 /* Frameworks */,
				DAFE5FA22A39D1CB0055AF97 /* Resources */,
			);
			buildRules = (
			);
			dependencies = (
				DAFE5FA62A39D1CB0055AF97 /* PBXTargetDependency */,
			);
			name = FindNumberTests;
			productName = FindNumberTests;
			productReference = DAFE5FA42A39D1CB0055AF97 /* FindNumberTests.xctest */;
			productType = "com.apple.product-type.bundle.unit-test";
		};
		DAFE5FAD2A39D1CB0055AF97 /* FindNumberUITests */ = {
			isa = PBXNativeTarget;
			buildConfigurationList = DAFE5FBE2A39D1CB0055AF97 /* Build configuration list for PBXNativeTarget "FindNumberUITests" */;
			buildPhases = (
				DAFE5FAA2A39D1CB0055AF97 /* Sources */,
				DAFE5FAB2A39D1CB0055AF97 /* Frameworks */,
				DAFE5FAC2A39D1CB0055AF97 /* Resources */,
			);
			buildRules = (
			);
			dependencies = (
				DAFE5FB02A39D1CB0055AF97 /* PBXTargetDependency */,
			);
			name = FindNumberUITests;
			productName = FindNumberUITests;
			productReference = DAFE5FAE2A39D1CB0055AF97 /* FindNumberUITests.xctest */;
			productType = "com.apple.product-type.bundle.ui-testing";
		};
/* End PBXNativeTarget section */

/* Begin PBXProject section */
		DAFE5F8B2A39D1CA0055AF97 /* Project object */ = {
			isa = PBXProject;
			attributes = {
				BuildIndependentTargetsInParallel = 1;
				LastSwiftUpdateCheck = 1420;
				LastUpgradeCheck = 1420;
				TargetAttributes = {
					DAFE5F922A39D1CA0055AF97 = {
						CreatedOnToolsVersion = 14.2;
					};
					DAFE5FA32A39D1CB0055AF97 = {
						CreatedOnToolsVersion = 14.2;
						TestTargetID = DAFE5F922A39D1CA0055AF97;
					};
					DAFE5FAD2A39D1CB0055AF97 = {
						CreatedOnToolsVersion = 14.2;
						TestTargetID = DAFE5F922A39D1CA0055AF97;
					};
				};
			};
			buildConfigurationList = DAFE5F8E2A39D1CA0055AF97 /* Build configuration list for PBXProject "FindNumber" */;
			compatibilityVersion = "Xcode 14.0";
			developmentRegion = en;
			hasScannedForEncodings = 0;
			knownRegions = (
				en,
				Base,
			);
			mainGroup = DAFE5F8A2A39D1CA0055AF97;
			productRefGroup = DAFE5F942A39D1CA0055AF97 /* Products */;
			projectDirPath = "";
			projectRoot = "";
			targets = (
				DAFE5F922A39D1CA0055AF97 /* FindNumber */,
				DAFE5FA32A39D1CB0055AF97 /* FindNumberTests */,
				DAFE5FAD2A39D1CB0055AF97 /* FindNumberUITests */,
			);
		};
/* End PBXProject section */

/* Begin PBXResourcesBuildPhase section */
		DAFE5F912A39D1CA0055AF97 /* Resources */ = {
			isa = PBXResourcesBuildPhase;
			buildActionMask = 2147483647;
			files = (
				DAFE5F9F2A39D1CB0055AF97 /* Preview Assets.xcassets in Resources */,
				DAFE5F9B2A39D1CB0055AF97 /* Assets.xcassets in Resources */,
			);
			runOnlyForDeploymentPostprocessing = 0;
		};
		DAFE5FA22A39D1CB0055AF97 /* Resources */ = {
			isa = PBXResourcesBuildPhase;
			buildActionMask = 2147483647;
			files = (
			);
			runOnlyForDeploymentPostprocessing = 0;
		};
		DAFE5FAC2A39D1CB0055AF97 /* Resources */ = {
			isa = PBXResourcesBuildPhase;
			buildActionMask = 2147483647;
			files = (
			);
			runOnlyForDeploymentPostprocessing = 0;
		};
/* End PBXResourcesBuildPhase section */

/* Begin PBXSourcesBuildPhase section */
		DAFE5F8F2A39D1CA0055AF97 /* Sources */ = {
			isa = PBXSourcesBuildPhase;
			buildActionMask = 2147483647;
			files = (
				DAFE5F992A39D1CA0055AF97 /* ContentView.swift in Sources */,
				DAFE5F972A39D1CA0055AF97 /* FindNumberApp.swift in Sources */,
			);
			runOnlyForDeploymentPostprocessing = 0;
		};
		DAFE5FA02A39D1CB0055AF97 /* Sources */ = {
			isa = PBXSourcesBuildPhase;
			buildActionMask = 2147483647;
			files = (
				DAFE5FA92A39D1CB0055AF97 /* FindNumberTests.swift in Sources */,
			);
			runOnlyForDeploymentPostprocessing = 0;
		};
		DAFE5FAA2A39D1CB0055AF97 /* Sources */ = {
			isa = PBXSourcesBuildPhase;
			buildActionMask = 2147483647;
			files = (
				DAFE5FB52A39D1CB0055AF97 /* FindNumberUITestsLaunchTests.swift in Sources */,
				DAFE5FB32A39D1CB0055AF97 /* FindNumberUITests.swift in Sources */,
			);
			runOnlyForDeploymentPostprocessing = 0;
		};
/* End PBXSourcesBuildPhase section */

/* Begin PBXTargetDependency section */
		DAFE5FA62A39D1CB0055AF97 /* PBXTargetDependency */ = {
			isa = PBXTargetDependency;
			target = DAFE5F922A39D1CA0055AF97 /* FindNumber */;
			targetProxy = DAFE5FA52A39D1CB0055AF97 /* PBXContainerItemProxy */;
		};
		DAFE5FB02A39D1CB0055AF97 /* PBXTargetDependency */ = {
			isa = PBXTargetDependency;
			target = DAFE5F922A39D1CA0055AF97 /* FindNumber */;
			targetProxy = DAFE5FAF2A39D1CB0055AF97 /* PBXContainerItemProxy */;
		};
/* End PBXTargetDependency section */

/* Begin XCBuildConfiguration section */
		DAFE5FB62A39D1CB0055AF97 /* Debug */ = {
			isa = XCBuildConfiguration;
			buildSettings = {
				ALWAYS_SEARCH_USER_PATHS = NO;
				CLANG_ANALYZER_NONNULL = YES;
				CLANG_ANALYZER_NUMBER_OBJECT_CONVERSION = YES_AGGRESSIVE;
				CLANG_CXX_LANGUAGE_STANDARD = "gnu++20";
				CLANG_ENABLE_MODULES = YES;
				CLANG_ENABLE_OBJC_ARC = YES;
				CLANG_ENABLE_OBJC_WEAK = YES;
				CLANG_WARN_BLOCK_CAPTURE_AUTORELEASING = YES;
				CLANG_WARN_BOOL_CONVERSION = YES;
				CLANG_WARN_COMMA = YES;
				CLANG_WARN_CONSTANT_CONVERSION = YES;
				CLANG_WARN_DEPRECATED_OBJC_IMPLEMENTATIONS = YES;
				CLANG_WARN_DIRECT_OBJC_ISA_USAGE = YES_ERROR;
				CLANG_WARN_DOCUMENTATION_COMMENTS = YES;
				CLANG_WARN_EMPTY_BODY = YES;
				CLANG_WARN_ENUM_CONVERSION = YES;
				CLANG_WARN_INFINITE_RECURSION = YES;
				CLANG_WARN_INT_CONVERSION = YES;
				CLANG_WARN_NON_LITERAL_NULL_CONVERSION = YES;
				CLANG_WARN_OBJC_IMPLICIT_RETAIN_SELF = YES;
				CLANG_WARN_OBJC_LITERAL_CONVERSION = YES;
				CLANG_WARN_OBJC_ROOT_CLASS = YES_ERROR;
				CLANG_WARN_QUOTED_INCLUDE_IN_FRAMEWORK_HEADER = YES;
				CLANG_WARN_RANGE_LOOP_ANALYSIS = YES;
				CLANG_WARN_STRICT_PROTOTYPES = YES;
				CLANG_WARN_SUSPICIOUS_MOVE = YES;
				CLANG_WARN_UNGUARDED_AVAILABILITY = YES_AGGRESSIVE;
				CLANG_WARN_UNREACHABLE_CODE = YES;
				CLANG_WARN__DUPLICATE_METHOD_MATCH = YES;
				COPY_PHASE_STRIP = NO;
				DEBUG_INFORMATION_FORMAT = dwarf;
				ENABLE_STRICT_OBJC_MSGSEND = YES;
				ENABLE_TESTABILITY = YES;
				GCC_C_LANGUAGE_STANDARD = gnu11;
				GCC_DYNAMIC_NO_PIC = NO;
				GCC_NO_COMMON_BLOCKS = YES;
				GCC_OPTIMIZATION_LEVEL = 0;
				GCC_PREPROCESSOR_DEFINITIONS = (
					"DEBUG=1",
					"$(inherited)",
				);
				GCC_WARN_64_TO_32_BIT_CONVERSION = YES;
				GCC_WARN_ABOUT_RETURN_TYPE = YES_ERROR;
				GCC_WARN_UNDECLARED_SELECTOR = YES;
				GCC_WARN_UNINITIALIZED_AUTOS = YES_AGGRESSIVE;
				GCC_WARN_UNUSED_FUNCTION = YES;
				GCC_WARN_UNUSED_VARIABLE = YES;
				MTL_ENABLE_DEBUG_INFO = INCLUDE_SOURCE;
				MTL_FAST_MATH = YES;
				ONLY_ACTIVE_ARCH = YES;
				SWIFT_ACTIVE_COMPILATION_CONDITIONS = DEBUG;
				SWIFT_OPTIMIZATION_LEVEL = "-Onone";
			};
			name = Debug;
		};
		DAFE5FB72A39D1CB0055AF97 /* Release */ = {
			isa = XCBuildConfiguration;
			buildSettings = {
				ALWAYS_SEARCH_USER_PATHS = NO;
				CLANG_ANALYZER_NONNULL = YES;
				CLANG_ANALYZER_NUMBER_OBJECT_CONVERSION = YES_AGGRESSIVE;
				CLANG_CXX_LANGUAGE_STANDARD = "gnu++20";
				CLANG_ENABLE_MODULES = YES;
				CLANG_ENABLE_OBJC_ARC = YES;
				CLANG_ENABLE_OBJC_WEAK = YES;
				CLANG_WARN_BLOCK_CAPTURE_AUTORELEASING = YES;
				CLANG_WARN_BOOL_CONVERSION = YES;
				CLANG_WARN_COMMA = YES;
				CLANG_WARN_CONSTANT_CONVERSION = YES;
				CLANG_WARN_DEPRECATED_OBJC_IMPLEMENTATIONS = YES;
				CLANG_WARN_DIRECT_OBJC_ISA_USAGE = YES_ERROR;
				CLANG_WARN_DOCUMENTATION_COMMENTS = YES;
				CLANG_WARN_EMPTY_BODY = YES;
				CLANG_WARN_ENUM_CONVERSION = YES;
				CLANG_WARN_INFINITE_RECURSION = YES;
				CLANG_WARN_INT_CONVERSION = YES;
				CLANG_WARN_NON_LITERAL_NULL_CONVERSION = YES;
				CLANG_WARN_OBJC_IMPLICIT_RETAIN_SELF = YES;
				CLANG_WARN_OBJC_LITERAL_CONVERSION = YES;
				CLANG_WARN_OBJC_ROOT_CLASS = YES_ERROR;
				CLANG_WARN_QUOTED_INCLUDE_IN_FRAMEWORK_HEADER = YES;
				CLANG_WARN_RANGE_LOOP_ANALYSIS = YES;
				CLANG_WARN_STRICT_PROTOTYPES = YES;
				CLANG_WARN_SUSPICIOUS_MOVE = YES;
				CLANG_WARN_UNGUARDED_AVAILABILITY = YES_AGGRESSIVE;
				CLANG_WARN_UNREACHABLE_CODE = YES;
				CLANG_WARN__DUPLICATE_METHOD_MATCH = YES;
				COPY_PHASE_STRIP = NO;
				DEBUG_INFORMATION_FORMAT = "dwarf-with-dsym";
				ENABLE_NS_ASSERTIONS = NO;
				ENABLE_STRICT_OBJC_MSGSEND = YES;
				GCC_C_LANGUAGE_STANDARD = gnu11;
				GCC_NO_COMMON_BLOCKS = YES;
				GCC_WARN_64_TO_32_BIT_CONVERSION = YES;
				GCC_WARN_ABOUT_RETURN_TYPE = YES_ERROR;
				GCC_WARN_UNDECLARED_SELECTOR = YES;
				GCC_WARN_UNINITIALIZED_AUTOS = YES_AGGRESSIVE;
				GCC_WARN_UNUSED_FUNCTION = YES;
				GCC_WARN_UNUSED_VARIABLE = YES;
				MTL_ENABLE_DEBUG_INFO = NO;
				MTL_FAST_MATH = YES;
				SWIFT_COMPILATION_MODE = wholemodule;
				SWIFT_OPTIMIZATION_LEVEL = "-O";
			};
			name = Release;
		};
		DAFE5FB92A39D1CB0055AF97 /* Debug */ = {
			isa = XCBuildConfiguration;
			buildSettings = {
				ASSETCATALOG_COMPILER_APPICON_NAME = AppIcon;
				ASSETCATALOG_COMPILER_GLOBAL_ACCENT_COLOR_NAME = AccentColor;
				CODE_SIGN_ENTITLEMENTS = FindNumber/FindNumber.entitlements;
				CODE_SIGN_STYLE = Automatic;
				CURRENT_PROJECT_VERSION = 1;
				DEVELOPMENT_ASSET_PATHS = "\"FindNumber/Preview Content\"";
				ENABLE_PREVIEWS = YES;
				GENERATE_INFOPLIST_FILE = YES;
				"INFOPLIST_KEY_UIApplicationSceneManifest_Generation[sdk=iphoneos*]" = YES;
				"INFOPLIST_KEY_UIApplicationSceneManifest_Generation[sdk=iphonesimulator*]" = YES;
				"INFOPLIST_KEY_UIApplicationSupportsIndirectInputEvents[sdk=iphoneos*]" = YES;
				"INFOPLIST_KEY_UIApplicationSupportsIndirectInputEvents[sdk=iphonesimulator*]" = YES;
				"INFOPLIST_KEY_UILaunchScreen_Generation[sdk=iphoneos*]" = YES;
				"INFOPLIST_KEY_UILaunchScreen_Generation[sdk=iphonesimulator*]" = YES;
				"INFOPLIST_KEY_UIStatusBarStyle[sdk=iphoneos*]" = UIStatusBarStyleDefault;
				"INFOPLIST_KEY_UIStatusBarStyle[sdk=iphonesimulator*]" = UIStatusBarStyleDefault;
				INFOPLIST_KEY_UISupportedInterfaceOrientations_iPad = "UIInterfaceOrientationPortrait UIInterfaceOrientationPortraitUpsideDown UIInterfaceOrientationLandscapeLeft UIInterfaceOrientationLandscapeRight";
				INFOPLIST_KEY_UISupportedInterfaceOrientations_iPhone = "UIInterfaceOrientationPortrait UIInterfaceOrientationLandscapeLeft UIInterfaceOrientationLandscapeRight";
				IPHONEOS_DEPLOYMENT_TARGET = 16.2;
				LD_RUNPATH_SEARCH_PATHS = "@executable_path/Frameworks";
				"LD_RUNPATH_SEARCH_PATHS[sdk=macosx*]" = "@executable_path/../Frameworks";
				MACOSX_DEPLOYMENT_TARGET = 12.5;
				MARKETING_VERSION = 1.0;
				PRODUCT_BUNDLE_IDENTIFIER = "my-app.FindNumber";
				PRODUCT_NAME = "$(TARGET_NAME)";
				SDKROOT = auto;
				SUPPORTED_PLATFORMS = "iphoneos iphonesimulator macosx";
				SWIFT_EMIT_LOC_STRINGS = YES;
				SWIFT_VERSION = 5.0;
				TARGETED_DEVICE_FAMILY = "1,2";
			};
			name = Debug;
		};
		DAFE5FBA2A39D1CB0055AF97 /* Release */ = {
			isa = XCBuildConfiguration;
			buildSettings = {
				ASSETCATALOG_COMPILER_APPICON_NAME = AppIcon;
				ASSETCATALOG_COMPILER_GLOBAL_ACCENT_COLOR_NAME = AccentColor;
				CODE_SIGN_ENTITLEMENTS = FindNumber/FindNumber.entitlements;
				CODE_SIGN_STYLE = Automatic;
				CURRENT_PROJECT_VERSION = 1;
				DEVELOPMENT_ASSET_PATHS = "\"FindNumber/Preview Content\"";
				ENABLE_PREVIEWS = YES;
				GENERATE_INFOPLIST_FILE = YES;
				"INFOPLIST_KEY_UIApplicationSceneManifest_Generation[sdk=iphoneos*]" = YES;
				"INFOPLIST_KEY_UIApplicationSceneManifest_Generation[sdk=iphonesimulator*]" = YES;
				"INFOPLIST_KEY_UIApplicationSupportsIndirectInputEvents[sdk=iphoneos*]" = YES;
				"INFOPLIST_KEY_UIApplicationSupportsIndirectInputEvents[sdk=iphonesimulator*]" = YES;
				"INFOPLIST_KEY_UILaunchScreen_Generation[sdk=iphoneos*]" = YES;
				"INFOPLIST_KEY_UILaunchScreen_Generation[sdk=iphonesimulator*]" = YES;
				"INFOPLIST_KEY_UIStatusBarStyle[sdk=iphoneos*]" = UIStatusBarStyleDefault;
				"INFOPLIST_KEY_UIStatusBarStyle[sdk=iphonesimulator*]" = UIStatusBarStyleDefault;
				INFOPLIST_KEY_UISupportedInterfaceOrientations_iPad = "UIInterfaceOrientationPortrait UIInterfaceOrientationPortraitUpsideDown UIInterfaceOrientationLandscapeLeft UIInterfaceOrientationLandscapeRight";
				INFOPLIST_KEY_UISupportedInterfaceOrientations_iPhone = "UIInterfaceOrientationPortrait UIInterfaceOrientationLandscapeLeft UIInterfaceOrientationLandscapeRight";
				IPHONEOS_DEPLOYMENT_TARGET = 16.2;
				LD_RUNPATH_SEARCH_PATHS = "@executable_path/Frameworks";
				"LD_RUNPATH_SEARCH_PATHS[sdk=macosx*]" = "@executable_path/../Frameworks";
				MACOSX_DEPLOYMENT_TARGET = 12.5;
				MARKETING_VERSION = 1.0;
				PRODUCT_BUNDLE_IDENTIFIER = "my-app.FindNumber";
				PRODUCT_NAME = "$(TARGET_NAME)";
				SDKROOT = auto;
				SUPPORTED_PLATFORMS = "iphoneos iphonesimulator macosx";
				SWIFT_EMIT_LOC_STRINGS = YES;
				SWIFT_VERSION = 5.0;
				TARGETED_DEVICE_FAMILY = "1,2";
			};
			name = Release;
		};
		DAFE5FBC2A39D1CB0055AF97 /* Debug */ = {
			isa = XCBuildConfiguration;
			buildSettings = {
				ALWAYS_EMBED_SWIFT_STANDARD_LIBRARIES = YES;
				BUNDLE_LOADER = "$(TEST_HOST)";
				CODE_SIGN_STYLE = Automatic;
				CURRENT_PROJECT_VERSION = 1;
				GENERATE_INFOPLIST_FILE = YES;
				IPHONEOS_DEPLOYMENT_TARGET = 16.2;
				MACOSX_DEPLOYMENT_TARGET = 12.5;
				MARKETING_VERSION = 1.0;
				PRODUCT_BUNDLE_IDENTIFIER = "my-app.FindNumberTests";
				PRODUCT_NAME = "$(TARGET_NAME)";
				SDKROOT = auto;
				SUPPORTED_PLATFORMS = "iphoneos iphonesimulator macosx";
				SWIFT_EMIT_LOC_STRINGS = NO;
				SWIFT_VERSION = 5.0;
				TARGETED_DEVICE_FAMILY = "1,2";
				TEST_HOST = "$(BUILT_PRODUCTS_DIR)/FindNumber.app/$(BUNDLE_EXECUTABLE_FOLDER_PATH)/FindNumber";
			};
			name = Debug;
		};
		DAFE5FBD2A39D1CB0055AF97 /* Release */ = {
			isa = XCBuildConfiguration;
			buildSettings = {
				ALWAYS_EMBED_SWIFT_STANDARD_LIBRARIES = YES;
				BUNDLE_LOADER = "$(TEST_HOST)";
				CODE_SIGN_STYLE = Automatic;
				CURRENT_PROJECT_VERSION = 1;
				GENERATE_INFOPLIST_FILE = YES;
				IPHONEOS_DEPLOYMENT_TARGET = 16.2;
				MACOSX_DEPLOYMENT_TARGET = 12.5;
				MARKETING_VERSION = 1.0;
				PRODUCT_BUNDLE_IDENTIFIER = "my-app.FindNumberTests";
				PRODUCT_NAME = "$(TARGET_NAME)";
				SDKROOT = auto;
				SUPPORTED_PLATFORMS = "iphoneos iphonesimulator macosx";
				SWIFT_EMIT_LOC_STRINGS = NO;
				SWIFT_VERSION = 5.0;
				TARGETED_DEVICE_FAMILY = "1,2";
				TEST_HOST = "$(BUILT_PRODUCTS_DIR)/FindNumber.app/$(BUNDLE_EXECUTABLE_FOLDER_PATH)/FindNumber";
			};
			name = Release;
		};
		DAFE5FBF2A39D1CB0055AF97 /* Debug */ = {
			isa = XCBuildConfiguration;
			buildSettings = {
				ALWAYS_EMBED_SWIFT_STANDARD_LIBRARIES = YES;
				CODE_SIGN_STYLE = Automatic;
				CURRENT_PROJECT_VERSION = 1;
				GENERATE_INFOPLIST_FILE = YES;
				IPHONEOS_DEPLOYMENT_TARGET = 16.2;
				MACOSX_DEPLOYMENT_TARGET = 12.5;
				MARKETING_VERSION = 1.0;
				PRODUCT_BUNDLE_IDENTIFIER = "my-app.FindNumberUITests";
				PRODUCT_NAME = "$(TARGET_NAME)";
				SDKROOT = auto;
				SUPPORTED_PLATFORMS = "iphoneos iphonesimulator macosx";
				SWIFT_EMIT_LOC_STRINGS = NO;
				SWIFT_VERSION = 5.0;
				TARGETED_DEVICE_FAMILY = "1,2";
				TEST_TARGET_NAME = FindNumber;
			};
			name = Debug;
		};
		DAFE5FC02A39D1CB0055AF97 /* Release */ = {
			isa = XCBuildConfiguration;
			buildSettings = {
				ALWAYS_EMBED_SWIFT_STANDARD_LIBRARIES = YES;
				CODE_SIGN_STYLE = Automatic;
				CURRENT_PROJECT_VERSION = 1;
				GENERATE_INFOPLIST_FILE = YES;
				IPHONEOS_DEPLOYMENT_TARGET = 16.2;
				MACOSX_DEPLOYMENT_TARGET = 12.5;
				MARKETING_VERSION = 1.0;
				PRODUCT_BUNDLE_IDENTIFIER = "my-app.FindNumberUITests";
				PRODUCT_NAME = "$(TARGET_NAME)";
				SDKROOT = auto;
				SUPPORTED_PLATFORMS = "iphoneos iphonesimulator macosx";
				SWIFT_EMIT_LOC_STRINGS = NO;
				SWIFT_VERSION = 5.0;
				TARGETED_DEVICE_FAMILY = "1,2";
				TEST_TARGET_NAME = FindNumber;
			};
			name = Release;
		};
/* End XCBuildConfiguration section */

/* Begin XCConfigurationList section */
		DAFE5F8E2A39D1CA0055AF97 /* Build configuration list for PBXProject "FindNumber" */ = {
			isa = XCConfigurationList;
			buildConfigurations = (
				DAFE5FB62A39D1CB0055AF97 /* Debug */,
				DAFE5FB72A39D1CB0055AF97 /* Release */,
			);
			defaultConfigurationIsVisible = 0;
			defaultConfigurationName = Release;
		};
		DAFE5FB82A39D1CB0055AF97 /* Build configuration list for PBXNativeTarget "FindNumber" */ = {
			isa = XCConfigurationList;
			buildConfigurations = (
				DAFE5FB92A39D1CB0055AF97 /* Debug */,
				DAFE5FBA2A39D1CB0055AF97 /* Release */,
			);
			defaultConfigurationIsVisible = 0;
			defaultConfigurationName = Release;
		};
		DAFE5FBB2A39D1CB0055AF97 /* Build configuration list for PBXNativeTarget "FindNumberTests" */ = {
			isa = XCConfigurationList;
			buildConfigurations = (
				DAFE5FBC2A39D1CB0055AF97 /* Debug */,
				DAFE5FBD2A39D1CB0055AF97 /* Release */,
			);
			defaultConfigurationIsVisible = 0;
			defaultConfigurationName = Release;
		};
		DAFE5FBE2A39D1CB0055AF97 /* Build configuration list for PBXNativeTarget "FindNumberUITests" */ = {
			isa = XCConfigurationList;
			buildConfigurations = (
				DAFE5FBF2A39D1CB0055AF97 /* Debug */,
				DAFE5FC02A39D1CB0055AF97 /* Release */,
			);
			defaultConfigurationIsVisible = 0;
			defaultConfigurationName = Release;
		};
/* End XCConfigurationList section */
	};
	rootObject = DAFE5F8B2A39D1CA0055AF97 /* Project object */;
}
